
Microsoft Visual Studio Solution File, Format Version 12.00
# Visual Studio Version 17
VisualStudioVersion = 17.5.002.0
MinimumVisualStudioVersion = 10.0.40219.1
Project("{9A19103F-16F7-4668-BE54-9A1E7A4F7556}") = "Pessoa - Array", "Pessoa - Array.csproj", "{2105E688-D849-464A-9C3A-883903F6D6B2}"
EndProject
Global
	GlobalSection(SolutionConfigurationPlatforms) = preSolution
		Debug|Any CPU = Debug|Any CPU
		Release|Any CPU = Release|Any CPU
	EndGlobalSection
	GlobalSection(ProjectConfigurationPlatforms) = postSolution
		{2105E688-D849-464A-9C3A-883903F6D6B2}.Debug|Any CPU.ActiveCfg = Debug|Any CPU
		{2105E688-D849-464A-9C3A-883903F6D6B2}.Debug|Any CPU.Build.0 = Debug|Any CPU
		{2105E688-D849-464A-9C3A-883903F6D6B2}.Release|Any CPU.ActiveCfg = Release|Any CPU
		{2105E688-D849-464A-9C3A-883903F6D6B2}.Release|Any CPU.Build.0 = Release|Any CPU
	EndGlobalSection
	GlobalSection(SolutionProperties) = preSolution
		HideSolutionNode = FALSE
	EndGlobalSection
	GlobalSection(ExtensibilityGlobals) = postSolution
		SolutionGuid = {3AAA6B42-75B1-4A6F-96C0-02C7DC8EF8C7}
	EndGlobalSection
EndGlobal
