
Microsoft Visual Studio Solution File, Format Version 12.00
# Visual Studio Version 17
VisualStudioVersion = 17.5.002.0
MinimumVisualStudioVersion = 10.0.40219.1
Project("{9A19103F-16F7-4668-BE54-9A1E7A4F7556}") = "PJP_ProjetoIntegrador", "PJP_ProjetoIntegrador.csproj", "{EB5BFEB0-905C-4805-A4A8-2F66ED8B3888}"
EndProject
Global
	GlobalSection(SolutionConfigurationPlatforms) = preSolution
		Debug|Any CPU = Debug|Any CPU
		Release|Any CPU = Release|Any CPU
	EndGlobalSection
	GlobalSection(ProjectConfigurationPlatforms) = postSolution
		{EB5BFEB0-905C-4805-A4A8-2F66ED8B3888}.Debug|Any CPU.ActiveCfg = Debug|Any CPU
		{EB5BFEB0-905C-4805-A4A8-2F66ED8B3888}.Debug|Any CPU.Build.0 = Debug|Any CPU
		{EB5BFEB0-905C-4805-A4A8-2F66ED8B3888}.Release|Any CPU.ActiveCfg = Release|Any CPU
		{EB5BFEB0-905C-4805-A4A8-2F66ED8B3888}.Release|Any CPU.Build.0 = Release|Any CPU
	EndGlobalSection
	GlobalSection(SolutionProperties) = preSolution
		HideSolutionNode = FALSE
	EndGlobalSection
	GlobalSection(ExtensibilityGlobals) = postSolution
		SolutionGuid = {C67FE9F1-48AB-4BF4-9FF3-85C384170FA1}
	EndGlobalSection
EndGlobal
