
Microsoft Visual Studio Solution File, Format Version 12.00
# Visual Studio Version 17
VisualStudioVersion = 17.5.002.0
MinimumVisualStudioVersion = 10.0.40219.1
Project("{9A19103F-16F7-4668-BE54-9A1E7A4F7556}") = "AvaliacaoWinForms", "AvaliacaoWinForms.csproj", "{3B644C02-D9A7-4C6D-963A-74797CDB7E67}"
EndProject
Global
	GlobalSection(SolutionConfigurationPlatforms) = preSolution
		Debug|Any CPU = Debug|Any CPU
		Release|Any CPU = Release|Any CPU
	EndGlobalSection
	GlobalSection(ProjectConfigurationPlatforms) = postSolution
		{3B644C02-D9A7-4C6D-963A-74797CDB7E67}.Debug|Any CPU.ActiveCfg = Debug|Any CPU
		{3B644C02-D9A7-4C6D-963A-74797CDB7E67}.Debug|Any CPU.Build.0 = Debug|Any CPU
		{3B644C02-D9A7-4C6D-963A-74797CDB7E67}.Release|Any CPU.ActiveCfg = Release|Any CPU
		{3B644C02-D9A7-4C6D-963A-74797CDB7E67}.Release|Any CPU.Build.0 = Release|Any CPU
	EndGlobalSection
	GlobalSection(SolutionProperties) = preSolution
		HideSolutionNode = FALSE
	EndGlobalSection
	GlobalSection(ExtensibilityGlobals) = postSolution
		SolutionGuid = {D021300E-F4ED-4D32-9A22-5B973212165C}
	EndGlobalSection
EndGlobal
